
Microsoft Visual Studio Solution File, Format Version 12.00
# Visual Studio Version 17
VisualStudioVersion = 17.0.32014.148
MinimumVisualStudioVersion = 10.0.40219.1
Project("{2150E333-8FDC-42A3-9474-1A3956D46DE8}") = "Example", "Example", "{0136E411-65D9-4487-BC69-EC4E45C54F65}"
EndProject
Project("{2150E333-8FDC-42A3-9474-1A3956D46DE8}") = "1", "1", "{09AED7B1-19A9-48BD-9C2B-EC2DA3F4AA8A}"
EndProject
Project("{9A19103F-16F7-4668-BE54-9A1E7A4F7556}") = "FizzBuzz", "FizzBuzz\FizzBuzz.csproj", "{579F98B2-B0A1-4EF8-9E5B-881170E8F934}"
EndProject
Project("{2150E333-8FDC-42A3-9474-1A3956D46DE8}") = "2", "2", "{82BB9961-F585-42C6-8F8D-8A7FD93DFBF6}"
EndProject
Project("{9A19103F-16F7-4668-BE54-9A1E7A4F7556}") = "Academy.Domain.Tests", "Academy.Domain.Tests\Academy.Domain.Tests.csproj", "{FC4C05A4-FF5D-4860-97AB-3998B72147FE}"
EndProject
Project("{FAE04EC0-301F-11D3-BF4B-00C04F79EFBC}") = "Academy.Domain", "Academy.Domain\Academy.Domain.csproj", "{6B0F055E-DBB4-4A73-A25E-BB31EC460483}"
EndProject
Global
	GlobalSection(SolutionConfigurationPlatforms) = preSolution
		Debug|Any CPU = Debug|Any CPU
		Release|Any CPU = Release|Any CPU
	EndGlobalSection
	GlobalSection(ProjectConfigurationPlatforms) = postSolution
		{579F98B2-B0A1-4EF8-9E5B-881170E8F934}.Debug|Any CPU.ActiveCfg = Debug|Any CPU
		{579F98B2-B0A1-4EF8-9E5B-881170E8F934}.Debug|Any CPU.Build.0 = Debug|Any CPU
		{579F98B2-B0A1-4EF8-9E5B-881170E8F934}.Release|Any CPU.ActiveCfg = Release|Any CPU
		{579F98B2-B0A1-4EF8-9E5B-881170E8F934}.Release|Any CPU.Build.0 = Release|Any CPU
		{FC4C05A4-FF5D-4860-97AB-3998B72147FE}.Debug|Any CPU.ActiveCfg = Debug|Any CPU
		{FC4C05A4-FF5D-4860-97AB-3998B72147FE}.Debug|Any CPU.Build.0 = Debug|Any CPU
		{FC4C05A4-FF5D-4860-97AB-3998B72147FE}.Release|Any CPU.ActiveCfg = Release|Any CPU
		{FC4C05A4-FF5D-4860-97AB-3998B72147FE}.Release|Any CPU.Build.0 = Release|Any CPU
		{6B0F055E-DBB4-4A73-A25E-BB31EC460483}.Debug|Any CPU.ActiveCfg = Debug|Any CPU
		{6B0F055E-DBB4-4A73-A25E-BB31EC460483}.Debug|Any CPU.Build.0 = Debug|Any CPU
		{6B0F055E-DBB4-4A73-A25E-BB31EC460483}.Release|Any CPU.ActiveCfg = Release|Any CPU
		{6B0F055E-DBB4-4A73-A25E-BB31EC460483}.Release|Any CPU.Build.0 = Release|Any CPU
	EndGlobalSection
	GlobalSection(SolutionProperties) = preSolution
		HideSolutionNode = FALSE
	EndGlobalSection
	GlobalSection(NestedProjects) = preSolution
		{09AED7B1-19A9-48BD-9C2B-EC2DA3F4AA8A} = {0136E411-65D9-4487-BC69-EC4E45C54F65}
		{579F98B2-B0A1-4EF8-9E5B-881170E8F934} = {09AED7B1-19A9-48BD-9C2B-EC2DA3F4AA8A}
		{82BB9961-F585-42C6-8F8D-8A7FD93DFBF6} = {0136E411-65D9-4487-BC69-EC4E45C54F65}
		{FC4C05A4-FF5D-4860-97AB-3998B72147FE} = {82BB9961-F585-42C6-8F8D-8A7FD93DFBF6}
		{6B0F055E-DBB4-4A73-A25E-BB31EC460483} = {82BB9961-F585-42C6-8F8D-8A7FD93DFBF6}
	EndGlobalSection
	GlobalSection(ExtensibilityGlobals) = postSolution
		SolutionGuid = {0D961F37-5D7F-4850-9BA1-71452AE90234}
	EndGlobalSection
EndGlobal
