
Microsoft Visual Studio Solution File, Format Version 12.00
# Visual Studio Version 17
VisualStudioVersion = 17.0.32014.148
MinimumVisualStudioVersion = 10.0.40219.1
Project("{2150E333-8FDC-42A3-9474-1A3956D46DE8}") = "Example", "Example", "{0136E411-65D9-4487-BC69-EC4E45C54F65}"
EndProject
Project("{2150E333-8FDC-42A3-9474-1A3956D46DE8}") = "2", "2", "{82BB9961-F585-42C6-8F8D-8A7FD93DFBF6}"
EndProject
Project("{9A19103F-16F7-4668-BE54-9A1E7A4F7556}") = "Academy.Domain.Tests", "Academy.Domain.Tests\Academy.Domain.Tests.csproj", "{FC4C05A4-FF5D-4860-97AB-3998B72147FE}"
EndProject
Project("{9A19103F-16F7-4668-BE54-9A1E7A4F7556}") = "Academy.Domain", "Academy.Domain\Academy.Domain.csproj", "{6B0F055E-DBB4-4A73-A25E-BB31EC460483}"
EndProject
Project("{2150E333-8FDC-42A3-9474-1A3956D46DE8}") = "src", "src", "{00DC4C6D-9528-4A9D-AA43-E538F35D72B1}"
EndProject
Project("{2150E333-8FDC-42A3-9474-1A3956D46DE8}") = "tests", "tests", "{80464536-3EDF-490C-B146-FCBF3D72DA11}"
EndProject
Project("{9A19103F-16F7-4668-BE54-9A1E7A4F7556}") = "Academy.Infrastructure", "Academy.Infrastructure\Academy.Infrastructure.csproj", "{1D8CAF7A-34FD-4981-BE3F-118DAB2520FF}"
EndProject
Project("{9A19103F-16F7-4668-BE54-9A1E7A4F7556}") = "Academy.Infrastructure.Tests.Unit", "Academy.Infrastructure.Tests.Unit\Academy.Infrastructure.Tests.Unit.csproj", "{8E557643-3C6D-4B50-804F-CBCF56BF04D1}"
EndProject
Project("{9A19103F-16F7-4668-BE54-9A1E7A4F7556}") = "Academy.Application.Tests.Unit", "Academy.Application.Tests.Unit\Academy.Application.Tests.Unit.csproj", "{E7836E52-A9CB-4355-AE30-009DAFBFC69D}"
EndProject
Project("{9A19103F-16F7-4668-BE54-9A1E7A4F7556}") = "Academy.Application", "Academy.Application\Academy.Application.csproj", "{EDA00449-9BCF-4FFF-9F5E-8CA848BE5420}"
EndProject
Project("{FAE04EC0-301F-11D3-BF4B-00C04F79EFBC}") = "Academy.Presentation.Tests.Unit", "Academy.Presentation.Tests.Unit\Academy.Presentation.Tests.Unit.csproj", "{2E4E7F1C-44A0-4885-B1B0-F0B91E2DC9B6}"
EndProject
Project("{FAE04EC0-301F-11D3-BF4B-00C04F79EFBC}") = "Academy.Infrasturcture.Tests.Integration", "Academy.Infrasturcture.Tests.Integration\Academy.Infrasturcture.Tests.Integration.csproj", "{484403AA-081D-4D71-9713-CF009E9FA5E1}"
EndProject
Project("{FAE04EC0-301F-11D3-BF4B-00C04F79EFBC}") = "Academy.Presentation", "Academy.Presentation\Academy.Presentation.csproj", "{6C689DF2-C773-469B-9A78-50A8C0A1D601}"
EndProject
Global
	GlobalSection(SolutionConfigurationPlatforms) = preSolution
		Debug|Any CPU = Debug|Any CPU
		Release|Any CPU = Release|Any CPU
	EndGlobalSection
	GlobalSection(ProjectConfigurationPlatforms) = postSolution
		{FC4C05A4-FF5D-4860-97AB-3998B72147FE}.Debug|Any CPU.ActiveCfg = Debug|Any CPU
		{FC4C05A4-FF5D-4860-97AB-3998B72147FE}.Debug|Any CPU.Build.0 = Debug|Any CPU
		{FC4C05A4-FF5D-4860-97AB-3998B72147FE}.Release|Any CPU.ActiveCfg = Release|Any CPU
		{FC4C05A4-FF5D-4860-97AB-3998B72147FE}.Release|Any CPU.Build.0 = Release|Any CPU
		{6B0F055E-DBB4-4A73-A25E-BB31EC460483}.Debug|Any CPU.ActiveCfg = Debug|Any CPU
		{6B0F055E-DBB4-4A73-A25E-BB31EC460483}.Debug|Any CPU.Build.0 = Debug|Any CPU
		{6B0F055E-DBB4-4A73-A25E-BB31EC460483}.Release|Any CPU.ActiveCfg = Release|Any CPU
		{6B0F055E-DBB4-4A73-A25E-BB31EC460483}.Release|Any CPU.Build.0 = Release|Any CPU
		{1D8CAF7A-34FD-4981-BE3F-118DAB2520FF}.Debug|Any CPU.ActiveCfg = Debug|Any CPU
		{1D8CAF7A-34FD-4981-BE3F-118DAB2520FF}.Debug|Any CPU.Build.0 = Debug|Any CPU
		{1D8CAF7A-34FD-4981-BE3F-118DAB2520FF}.Release|Any CPU.ActiveCfg = Release|Any CPU
		{1D8CAF7A-34FD-4981-BE3F-118DAB2520FF}.Release|Any CPU.Build.0 = Release|Any CPU
		{8E557643-3C6D-4B50-804F-CBCF56BF04D1}.Debug|Any CPU.ActiveCfg = Debug|Any CPU
		{8E557643-3C6D-4B50-804F-CBCF56BF04D1}.Debug|Any CPU.Build.0 = Debug|Any CPU
		{8E557643-3C6D-4B50-804F-CBCF56BF04D1}.Release|Any CPU.ActiveCfg = Release|Any CPU
		{8E557643-3C6D-4B50-804F-CBCF56BF04D1}.Release|Any CPU.Build.0 = Release|Any CPU
		{E7836E52-A9CB-4355-AE30-009DAFBFC69D}.Debug|Any CPU.ActiveCfg = Debug|Any CPU
		{E7836E52-A9CB-4355-AE30-009DAFBFC69D}.Debug|Any CPU.Build.0 = Debug|Any CPU
		{E7836E52-A9CB-4355-AE30-009DAFBFC69D}.Release|Any CPU.ActiveCfg = Release|Any CPU
		{E7836E52-A9CB-4355-AE30-009DAFBFC69D}.Release|Any CPU.Build.0 = Release|Any CPU
		{EDA00449-9BCF-4FFF-9F5E-8CA848BE5420}.Debug|Any CPU.ActiveCfg = Debug|Any CPU
		{EDA00449-9BCF-4FFF-9F5E-8CA848BE5420}.Debug|Any CPU.Build.0 = Debug|Any CPU
		{EDA00449-9BCF-4FFF-9F5E-8CA848BE5420}.Release|Any CPU.ActiveCfg = Release|Any CPU
		{EDA00449-9BCF-4FFF-9F5E-8CA848BE5420}.Release|Any CPU.Build.0 = Release|Any CPU
		{2E4E7F1C-44A0-4885-B1B0-F0B91E2DC9B6}.Debug|Any CPU.ActiveCfg = Debug|Any CPU
		{2E4E7F1C-44A0-4885-B1B0-F0B91E2DC9B6}.Debug|Any CPU.Build.0 = Debug|Any CPU
		{2E4E7F1C-44A0-4885-B1B0-F0B91E2DC9B6}.Release|Any CPU.ActiveCfg = Release|Any CPU
		{2E4E7F1C-44A0-4885-B1B0-F0B91E2DC9B6}.Release|Any CPU.Build.0 = Release|Any CPU
		{484403AA-081D-4D71-9713-CF009E9FA5E1}.Debug|Any CPU.ActiveCfg = Debug|Any CPU
		{484403AA-081D-4D71-9713-CF009E9FA5E1}.Debug|Any CPU.Build.0 = Debug|Any CPU
		{484403AA-081D-4D71-9713-CF009E9FA5E1}.Release|Any CPU.ActiveCfg = Release|Any CPU
		{484403AA-081D-4D71-9713-CF009E9FA5E1}.Release|Any CPU.Build.0 = Release|Any CPU
		{6C689DF2-C773-469B-9A78-50A8C0A1D601}.Debug|Any CPU.ActiveCfg = Debug|Any CPU
		{6C689DF2-C773-469B-9A78-50A8C0A1D601}.Debug|Any CPU.Build.0 = Debug|Any CPU
		{6C689DF2-C773-469B-9A78-50A8C0A1D601}.Release|Any CPU.ActiveCfg = Release|Any CPU
		{6C689DF2-C773-469B-9A78-50A8C0A1D601}.Release|Any CPU.Build.0 = Release|Any CPU
	EndGlobalSection
	GlobalSection(SolutionProperties) = preSolution
		HideSolutionNode = FALSE
	EndGlobalSection
	GlobalSection(NestedProjects) = preSolution
		{82BB9961-F585-42C6-8F8D-8A7FD93DFBF6} = {0136E411-65D9-4487-BC69-EC4E45C54F65}
		{FC4C05A4-FF5D-4860-97AB-3998B72147FE} = {80464536-3EDF-490C-B146-FCBF3D72DA11}
		{6B0F055E-DBB4-4A73-A25E-BB31EC460483} = {00DC4C6D-9528-4A9D-AA43-E538F35D72B1}
		{00DC4C6D-9528-4A9D-AA43-E538F35D72B1} = {82BB9961-F585-42C6-8F8D-8A7FD93DFBF6}
		{80464536-3EDF-490C-B146-FCBF3D72DA11} = {82BB9961-F585-42C6-8F8D-8A7FD93DFBF6}
		{1D8CAF7A-34FD-4981-BE3F-118DAB2520FF} = {00DC4C6D-9528-4A9D-AA43-E538F35D72B1}
		{8E557643-3C6D-4B50-804F-CBCF56BF04D1} = {80464536-3EDF-490C-B146-FCBF3D72DA11}
		{E7836E52-A9CB-4355-AE30-009DAFBFC69D} = {80464536-3EDF-490C-B146-FCBF3D72DA11}
		{EDA00449-9BCF-4FFF-9F5E-8CA848BE5420} = {00DC4C6D-9528-4A9D-AA43-E538F35D72B1}
		{2E4E7F1C-44A0-4885-B1B0-F0B91E2DC9B6} = {80464536-3EDF-490C-B146-FCBF3D72DA11}
		{484403AA-081D-4D71-9713-CF009E9FA5E1} = {80464536-3EDF-490C-B146-FCBF3D72DA11}
		{6C689DF2-C773-469B-9A78-50A8C0A1D601} = {00DC4C6D-9528-4A9D-AA43-E538F35D72B1}
	EndGlobalSection
	GlobalSection(ExtensibilityGlobals) = postSolution
		SolutionGuid = {0D961F37-5D7F-4850-9BA1-71452AE90234}
	EndGlobalSection
EndGlobal
